
Microsoft Visual Studio Solution File, Format Version 12.00
# Visual Studio Version 17
VisualStudioVersion = 17.2.32526.322
MinimumVisualStudioVersion = 10.0.40219.1
Project("{FAE04EC0-301F-11D3-BF4B-00C04F79EFBC}") = "BookStore", "BookStore.csproj", "{386B1769-47C7-4F30-B2B3-82746FDA7C2E}"
EndProject
Global
	GlobalSection(SolutionConfigurationPlatforms) = preSolution
		Debug|Any CPU = Debug|Any CPU
		Release|Any CPU = Release|Any CPU
	EndGlobalSection
	GlobalSection(ProjectConfigurationPlatforms) = postSolution
		{386B1769-47C7-4F30-B2B3-82746FDA7C2E}.Debug|Any CPU.ActiveCfg = Debug|Any CPU
		{386B1769-47C7-4F30-B2B3-82746FDA7C2E}.Debug|Any CPU.Build.0 = Debug|Any CPU
		{386B1769-47C7-4F30-B2B3-82746FDA7C2E}.Release|Any CPU.ActiveCfg = Release|Any CPU
		{386B1769-47C7-4F30-B2B3-82746FDA7C2E}.Release|Any CPU.Build.0 = Release|Any CPU
	EndGlobalSection
	GlobalSection(SolutionProperties) = preSolution
		HideSolutionNode = FALSE
	EndGlobalSection
	GlobalSection(ExtensibilityGlobals) = postSolution
		SolutionGuid = {102A266B-2E86-44EF-B2E4-0834051CC12D}
	EndGlobalSection
EndGlobal
